
Microsoft Visual Studio Solution File, Format Version 12.00
# Visual Studio Version 17
VisualStudioVersion = 17.1.32328.378
MinimumVisualStudioVersion = 10.0.40219.1
Project("{FAE04EC0-301F-11D3-BF4B-00C04F79EFBC}") = "RandomService.Api", "RandomService.Api\RandomService.Api.csproj", "{8549192E-AAB2-4AF7-9942-97F3D479860C}"
EndProject
Global
	GlobalSection(SolutionConfigurationPlatforms) = preSolution
		Debug|Any CPU = Debug|Any CPU
		Release|Any CPU = Release|Any CPU
	EndGlobalSection
	GlobalSection(ProjectConfigurationPlatforms) = postSolution
		{8549192E-AAB2-4AF7-9942-97F3D479860C}.Debug|Any CPU.ActiveCfg = Debug|Any CPU
		{8549192E-AAB2-4AF7-9942-97F3D479860C}.Debug|Any CPU.Build.0 = Debug|Any CPU
		{8549192E-AAB2-4AF7-9942-97F3D479860C}.Release|Any CPU.ActiveCfg = Release|Any CPU
		{8549192E-AAB2-4AF7-9942-97F3D479860C}.Release|Any CPU.Build.0 = Release|Any CPU
	EndGlobalSection
	GlobalSection(SolutionProperties) = preSolution
		HideSolutionNode = FALSE
	EndGlobalSection
	GlobalSection(ExtensibilityGlobals) = postSolution
		SolutionGuid = {4ECCCB6B-B926-4387-87A3-BF90389C0238}
	EndGlobalSection
EndGlobal
